
Microsoft Visual Studio Solution File, Format Version 12.00
# Visual Studio Version 16
VisualStudioVersion = 16.0.29215.179
MinimumVisualStudioVersion = 10.0.40219.1
Project("{9A19103F-16F7-4668-BE54-9A1E7A4F7556}") = "Functions", "Functions\Functions.csproj", "{3E58EDBE-CA54-48F4-9422-E587E1455847}"
	ProjectSection(ProjectDependencies) = postProject
		{02DFC380-EF33-4E98-A53E-7353D2DEBF61} = {02DFC380-EF33-4E98-A53E-7353D2DEBF61}
	EndProjectSection
EndProject
Project("{9A19103F-16F7-4668-BE54-9A1E7A4F7556}") = "Authorization", "Authorization\Authorization.csproj", "{3A409D8D-7788-4487-A844-76E40A90C5F2}"
EndProject
Project("{9A19103F-16F7-4668-BE54-9A1E7A4F7556}") = "Encryption", "Encryption\Encryption.csproj", "{B46382B0-322F-4649-A25C-F7A0A1548AD0}"
EndProject
Project("{9A19103F-16F7-4668-BE54-9A1E7A4F7556}") = "AzureStorage", "AzureStorage\AzureStorage.csproj", "{7E57015B-7315-4BD4-A491-B39DB6207877}"
EndProject
Project("{9A19103F-16F7-4668-BE54-9A1E7A4F7556}") = "KenticoKontent", "KenticoKontent\KenticoKontent.csproj", "{5E7F3CA4-CA75-4C1F-A826-C0676AEDED3E}"
EndProject
Project("{9A19103F-16F7-4668-BE54-9A1E7A4F7556}") = "Core", "Core\Core.csproj", "{0C402DAA-C70D-4E56-8735-773CFFD3846B}"
EndProject
Project("{9A19103F-16F7-4668-BE54-9A1E7A4F7556}") = "Transfers", "Transfers\Transfers.csproj", "{147D23D1-FB63-468F-BBD2-52EB62E82CBC}"
EndProject
Project("{9A19103F-16F7-4668-BE54-9A1E7A4F7556}") = "MicrosoftTeams", "MicrosoftTeams\MicrosoftTeams.csproj", "{02DFC380-EF33-4E98-A53E-7353D2DEBF61}"
EndProject
Project("{FAE04EC0-301F-11D3-BF4B-00C04F79EFBC}") = "Functions.Tests", "Functions.Tests\Functions.Tests.csproj", "{2A8E0B72-F13D-4B3B-A487-C6257ADA2600}"
EndProject
Global
	GlobalSection(SolutionConfigurationPlatforms) = preSolution
		Debug|Any CPU = Debug|Any CPU
		Release|Any CPU = Release|Any CPU
	EndGlobalSection
	GlobalSection(ProjectConfigurationPlatforms) = postSolution
		{3E58EDBE-CA54-48F4-9422-E587E1455847}.Debug|Any CPU.ActiveCfg = Debug|Any CPU
		{3E58EDBE-CA54-48F4-9422-E587E1455847}.Debug|Any CPU.Build.0 = Debug|Any CPU
		{3E58EDBE-CA54-48F4-9422-E587E1455847}.Release|Any CPU.ActiveCfg = Release|Any CPU
		{3E58EDBE-CA54-48F4-9422-E587E1455847}.Release|Any CPU.Build.0 = Release|Any CPU
		{3A409D8D-7788-4487-A844-76E40A90C5F2}.Debug|Any CPU.ActiveCfg = Debug|Any CPU
		{3A409D8D-7788-4487-A844-76E40A90C5F2}.Debug|Any CPU.Build.0 = Debug|Any CPU
		{3A409D8D-7788-4487-A844-76E40A90C5F2}.Release|Any CPU.ActiveCfg = Release|Any CPU
		{3A409D8D-7788-4487-A844-76E40A90C5F2}.Release|Any CPU.Build.0 = Release|Any CPU
		{B46382B0-322F-4649-A25C-F7A0A1548AD0}.Debug|Any CPU.ActiveCfg = Debug|Any CPU
		{B46382B0-322F-4649-A25C-F7A0A1548AD0}.Debug|Any CPU.Build.0 = Debug|Any CPU
		{B46382B0-322F-4649-A25C-F7A0A1548AD0}.Release|Any CPU.ActiveCfg = Release|Any CPU
		{B46382B0-322F-4649-A25C-F7A0A1548AD0}.Release|Any CPU.Build.0 = Release|Any CPU
		{7E57015B-7315-4BD4-A491-B39DB6207877}.Debug|Any CPU.ActiveCfg = Debug|Any CPU
		{7E57015B-7315-4BD4-A491-B39DB6207877}.Debug|Any CPU.Build.0 = Debug|Any CPU
		{7E57015B-7315-4BD4-A491-B39DB6207877}.Release|Any CPU.ActiveCfg = Release|Any CPU
		{7E57015B-7315-4BD4-A491-B39DB6207877}.Release|Any CPU.Build.0 = Release|Any CPU
		{5E7F3CA4-CA75-4C1F-A826-C0676AEDED3E}.Debug|Any CPU.ActiveCfg = Debug|Any CPU
		{5E7F3CA4-CA75-4C1F-A826-C0676AEDED3E}.Debug|Any CPU.Build.0 = Debug|Any CPU
		{5E7F3CA4-CA75-4C1F-A826-C0676AEDED3E}.Release|Any CPU.ActiveCfg = Release|Any CPU
		{5E7F3CA4-CA75-4C1F-A826-C0676AEDED3E}.Release|Any CPU.Build.0 = Release|Any CPU
		{0C402DAA-C70D-4E56-8735-773CFFD3846B}.Debug|Any CPU.ActiveCfg = Debug|Any CPU
		{0C402DAA-C70D-4E56-8735-773CFFD3846B}.Debug|Any CPU.Build.0 = Debug|Any CPU
		{0C402DAA-C70D-4E56-8735-773CFFD3846B}.Release|Any CPU.ActiveCfg = Release|Any CPU
		{0C402DAA-C70D-4E56-8735-773CFFD3846B}.Release|Any CPU.Build.0 = Release|Any CPU
		{147D23D1-FB63-468F-BBD2-52EB62E82CBC}.Debug|Any CPU.ActiveCfg = Debug|Any CPU
		{147D23D1-FB63-468F-BBD2-52EB62E82CBC}.Debug|Any CPU.Build.0 = Debug|Any CPU
		{147D23D1-FB63-468F-BBD2-52EB62E82CBC}.Release|Any CPU.ActiveCfg = Release|Any CPU
		{147D23D1-FB63-468F-BBD2-52EB62E82CBC}.Release|Any CPU.Build.0 = Release|Any CPU
		{02DFC380-EF33-4E98-A53E-7353D2DEBF61}.Debug|Any CPU.ActiveCfg = Debug|Any CPU
		{02DFC380-EF33-4E98-A53E-7353D2DEBF61}.Debug|Any CPU.Build.0 = Debug|Any CPU
		{02DFC380-EF33-4E98-A53E-7353D2DEBF61}.Release|Any CPU.ActiveCfg = Release|Any CPU
		{02DFC380-EF33-4E98-A53E-7353D2DEBF61}.Release|Any CPU.Build.0 = Release|Any CPU
		{2A8E0B72-F13D-4B3B-A487-C6257ADA2600}.Debug|Any CPU.ActiveCfg = Debug|Any CPU
		{2A8E0B72-F13D-4B3B-A487-C6257ADA2600}.Debug|Any CPU.Build.0 = Debug|Any CPU
		{2A8E0B72-F13D-4B3B-A487-C6257ADA2600}.Release|Any CPU.ActiveCfg = Release|Any CPU
		{2A8E0B72-F13D-4B3B-A487-C6257ADA2600}.Release|Any CPU.Build.0 = Release|Any CPU
	EndGlobalSection
	GlobalSection(SolutionProperties) = preSolution
		HideSolutionNode = FALSE
	EndGlobalSection
	GlobalSection(ExtensibilityGlobals) = postSolution
		SolutionGuid = {46AB44AC-E729-488F-917C-68278F77CAB5}
	EndGlobalSection
EndGlobal
